# This file is automatically @generated by Wally.
# It is not intended for manual editing.
registry = "test"

[[package]]
name = "elttob/fusion"
version = "0.3.0"
dependencies = []

[[package]]
name = "evaera/promise"
version = "4.0.0"
dependencies = []

[[package]]
name = "scovillescale/mystery-fun-house"
version = "0.1.0"
dependencies = [["Fusion", "elttob/fusion@0.3.0"], ["Promise", "evaera/promise@4.0.0"]]
